
Microsoft Visual Studio Solution File, Format Version 12.00
# Visual Studio Version 16
VisualStudioVersion = 16.0.29905.134
MinimumVisualStudioVersion = 10.0.40219.1
Project("{9A19103F-16F7-4668-BE54-9A1E7A4F7556}") = "StockTrading.Libs", "StockTrading.Libs\StockTrading.Libs.csproj", "{A734C944-62F5-4370-AF1A-73ED9AC0B936}"
EndProject
Project("{9A19103F-16F7-4668-BE54-9A1E7A4F7556}") = "StockTrading.Sender.Libs", "StockTrading.Sender.Libs\StockTrading.Sender.Libs.csproj", "{93FECED8-6C70-465E-8890-84A114EC956D}"
EndProject
Project("{9A19103F-16F7-4668-BE54-9A1E7A4F7556}") = "StockTrading.Receiver.Libs", "StockTrading.Receiver.Libs\StockTrading.Receiver.Libs.csproj", "{02CF5F26-6C37-49BC-9895-E2FB0FB28E4D}"
EndProject
Project("{9A19103F-16F7-4668-BE54-9A1E7A4F7556}") = "StockTrading.Receiver.Contracts", "StockTraiding.Reciver.Contracts\StockTrading.Receiver.Contracts.csproj", "{754E4DB2-4592-4B42-B7AC-CB7293823558}"
EndProject
Project("{9A19103F-16F7-4668-BE54-9A1E7A4F7556}") = "StockTrading.Receiver", "StockTrading.Receiver\StockTrading.Receiver.csproj", "{EBEF45AF-43EC-40E0-8B2B-390404F7B279}"
EndProject
Project("{9A19103F-16F7-4668-BE54-9A1E7A4F7556}") = "StockTrading.Sender", "StockTrading\StockTrading.Sender.csproj", "{F339F18E-0EB3-4389-B8EB-5DF458B9A2FE}"
EndProject
Project("{9A19103F-16F7-4668-BE54-9A1E7A4F7556}") = "StockTrading.Sender.Contracts", "StockTrading.Sender.Contracts\StockTrading.Sender.Contracts.csproj", "{8BDE6D02-06F8-4AB5-A6B8-2601E60EFE66}"
EndProject
Project("{9A19103F-16F7-4668-BE54-9A1E7A4F7556}") = "react", "react\react.csproj", "{73552736-9014-44A2-ACAC-33B971E742EB}"
EndProject
Project("{2150E333-8FDC-42A3-9474-1A3956D46DE8}") = "Tests", "Tests", "{44478E3C-033F-4A64-B47E-E7084173E023}"
EndProject
Project("{FAE04EC0-301F-11D3-BF4B-00C04F79EFBC}") = "StockTrading.Receiver.Tests", "StockTrading.Receiver.Tests\StockTrading.Receiver.Tests.csproj", "{446E9C0D-94C7-4F08-AA64-3AC3442277C8}"
EndProject
Global
	GlobalSection(SolutionConfigurationPlatforms) = preSolution
		Debug|Any CPU = Debug|Any CPU
		Release|Any CPU = Release|Any CPU
	EndGlobalSection
	GlobalSection(ProjectConfigurationPlatforms) = postSolution
		{A734C944-62F5-4370-AF1A-73ED9AC0B936}.Debug|Any CPU.ActiveCfg = Debug|Any CPU
		{A734C944-62F5-4370-AF1A-73ED9AC0B936}.Debug|Any CPU.Build.0 = Debug|Any CPU
		{A734C944-62F5-4370-AF1A-73ED9AC0B936}.Release|Any CPU.ActiveCfg = Release|Any CPU
		{A734C944-62F5-4370-AF1A-73ED9AC0B936}.Release|Any CPU.Build.0 = Release|Any CPU
		{93FECED8-6C70-465E-8890-84A114EC956D}.Debug|Any CPU.ActiveCfg = Debug|Any CPU
		{93FECED8-6C70-465E-8890-84A114EC956D}.Debug|Any CPU.Build.0 = Debug|Any CPU
		{93FECED8-6C70-465E-8890-84A114EC956D}.Release|Any CPU.ActiveCfg = Release|Any CPU
		{93FECED8-6C70-465E-8890-84A114EC956D}.Release|Any CPU.Build.0 = Release|Any CPU
		{02CF5F26-6C37-49BC-9895-E2FB0FB28E4D}.Debug|Any CPU.ActiveCfg = Debug|Any CPU
		{02CF5F26-6C37-49BC-9895-E2FB0FB28E4D}.Debug|Any CPU.Build.0 = Debug|Any CPU
		{02CF5F26-6C37-49BC-9895-E2FB0FB28E4D}.Release|Any CPU.ActiveCfg = Release|Any CPU
		{02CF5F26-6C37-49BC-9895-E2FB0FB28E4D}.Release|Any CPU.Build.0 = Release|Any CPU
		{754E4DB2-4592-4B42-B7AC-CB7293823558}.Debug|Any CPU.ActiveCfg = Debug|Any CPU
		{754E4DB2-4592-4B42-B7AC-CB7293823558}.Debug|Any CPU.Build.0 = Debug|Any CPU
		{754E4DB2-4592-4B42-B7AC-CB7293823558}.Release|Any CPU.ActiveCfg = Release|Any CPU
		{754E4DB2-4592-4B42-B7AC-CB7293823558}.Release|Any CPU.Build.0 = Release|Any CPU
		{EBEF45AF-43EC-40E0-8B2B-390404F7B279}.Debug|Any CPU.ActiveCfg = Debug|Any CPU
		{EBEF45AF-43EC-40E0-8B2B-390404F7B279}.Debug|Any CPU.Build.0 = Debug|Any CPU
		{EBEF45AF-43EC-40E0-8B2B-390404F7B279}.Release|Any CPU.ActiveCfg = Release|Any CPU
		{EBEF45AF-43EC-40E0-8B2B-390404F7B279}.Release|Any CPU.Build.0 = Release|Any CPU
		{F339F18E-0EB3-4389-B8EB-5DF458B9A2FE}.Debug|Any CPU.ActiveCfg = Debug|Any CPU
		{F339F18E-0EB3-4389-B8EB-5DF458B9A2FE}.Debug|Any CPU.Build.0 = Debug|Any CPU
		{F339F18E-0EB3-4389-B8EB-5DF458B9A2FE}.Release|Any CPU.ActiveCfg = Release|Any CPU
		{F339F18E-0EB3-4389-B8EB-5DF458B9A2FE}.Release|Any CPU.Build.0 = Release|Any CPU
		{8BDE6D02-06F8-4AB5-A6B8-2601E60EFE66}.Debug|Any CPU.ActiveCfg = Debug|Any CPU
		{8BDE6D02-06F8-4AB5-A6B8-2601E60EFE66}.Debug|Any CPU.Build.0 = Debug|Any CPU
		{8BDE6D02-06F8-4AB5-A6B8-2601E60EFE66}.Release|Any CPU.ActiveCfg = Release|Any CPU
		{8BDE6D02-06F8-4AB5-A6B8-2601E60EFE66}.Release|Any CPU.Build.0 = Release|Any CPU
		{73552736-9014-44A2-ACAC-33B971E742EB}.Debug|Any CPU.ActiveCfg = Debug|Any CPU
		{73552736-9014-44A2-ACAC-33B971E742EB}.Debug|Any CPU.Build.0 = Debug|Any CPU
		{73552736-9014-44A2-ACAC-33B971E742EB}.Release|Any CPU.ActiveCfg = Release|Any CPU
		{73552736-9014-44A2-ACAC-33B971E742EB}.Release|Any CPU.Build.0 = Release|Any CPU
		{446E9C0D-94C7-4F08-AA64-3AC3442277C8}.Debug|Any CPU.ActiveCfg = Debug|Any CPU
		{446E9C0D-94C7-4F08-AA64-3AC3442277C8}.Debug|Any CPU.Build.0 = Debug|Any CPU
		{446E9C0D-94C7-4F08-AA64-3AC3442277C8}.Release|Any CPU.ActiveCfg = Release|Any CPU
		{446E9C0D-94C7-4F08-AA64-3AC3442277C8}.Release|Any CPU.Build.0 = Release|Any CPU
	EndGlobalSection
	GlobalSection(SolutionProperties) = preSolution
		HideSolutionNode = FALSE
	EndGlobalSection
	GlobalSection(NestedProjects) = preSolution
		{446E9C0D-94C7-4F08-AA64-3AC3442277C8} = {44478E3C-033F-4A64-B47E-E7084173E023}
	EndGlobalSection
	GlobalSection(ExtensibilityGlobals) = postSolution
		SolutionGuid = {955F7FFC-C122-4AE1-B999-3E32CFFE36D6}
	EndGlobalSection
EndGlobal
