
Microsoft Visual Studio Solution File, Format Version 12.00
# Visual Studio Version 16
VisualStudioVersion = 16.0.29905.134
MinimumVisualStudioVersion = 10.0.40219.1
Project("{FAE04EC0-301F-11D3-BF4B-00C04F79EFBC}") = "StockTrading.Sender", "StockTrading\StockTrading.Sender.csproj", "{D4D65236-B77C-40EE-8533-A50E47AC2170}"
EndProject
Project("{FAE04EC0-301F-11D3-BF4B-00C04F79EFBC}") = "StockTrading.Receiver", "StockTrading.Receiver\StockTrading.Receiver.csproj", "{969515FF-BA83-4CFD-A072-94E256AC027A}"
EndProject
Global
	GlobalSection(SolutionConfigurationPlatforms) = preSolution
		Debug|Any CPU = Debug|Any CPU
		Release|Any CPU = Release|Any CPU
	EndGlobalSection
	GlobalSection(ProjectConfigurationPlatforms) = postSolution
		{D4D65236-B77C-40EE-8533-A50E47AC2170}.Debug|Any CPU.ActiveCfg = Debug|Any CPU
		{D4D65236-B77C-40EE-8533-A50E47AC2170}.Debug|Any CPU.Build.0 = Debug|Any CPU
		{D4D65236-B77C-40EE-8533-A50E47AC2170}.Release|Any CPU.ActiveCfg = Release|Any CPU
		{D4D65236-B77C-40EE-8533-A50E47AC2170}.Release|Any CPU.Build.0 = Release|Any CPU
		{969515FF-BA83-4CFD-A072-94E256AC027A}.Debug|Any CPU.ActiveCfg = Debug|Any CPU
		{969515FF-BA83-4CFD-A072-94E256AC027A}.Debug|Any CPU.Build.0 = Debug|Any CPU
		{969515FF-BA83-4CFD-A072-94E256AC027A}.Release|Any CPU.ActiveCfg = Release|Any CPU
		{969515FF-BA83-4CFD-A072-94E256AC027A}.Release|Any CPU.Build.0 = Release|Any CPU
	EndGlobalSection
	GlobalSection(SolutionProperties) = preSolution
		HideSolutionNode = FALSE
	EndGlobalSection
	GlobalSection(ExtensibilityGlobals) = postSolution
		SolutionGuid = {955F7FFC-C122-4AE1-B999-3E32CFFE36D6}
	EndGlobalSection
EndGlobal
