
Microsoft Visual Studio Solution File, Format Version 12.00
# Visual Studio Version 16
VisualStudioVersion = 16.0.29905.134
MinimumVisualStudioVersion = 10.0.40219.1
Project("{9A19103F-16F7-4668-BE54-9A1E7A4F7556}") = "StockTrading.Libs", "StockTrading.Libs\StockTrading.Libs.csproj", "{A734C944-62F5-4370-AF1A-73ED9AC0B936}"
EndProject
Project("{9A19103F-16F7-4668-BE54-9A1E7A4F7556}") = "StockTrading.Sender.Libs", "StockTrading.Sender.Libs\StockTrading.Sender.Libs.csproj", "{93FECED8-6C70-465E-8890-84A114EC956D}"
EndProject
Project("{9A19103F-16F7-4668-BE54-9A1E7A4F7556}") = "StockTrading.Receiver.Libs", "StockTrading.Receiver.Libs\StockTrading.Receiver.Libs.csproj", "{02CF5F26-6C37-49BC-9895-E2FB0FB28E4D}"
EndProject
Project("{9A19103F-16F7-4668-BE54-9A1E7A4F7556}") = "StockTrading.Receiver.Contracts", "StockTraiding.Reciver.Contracts\StockTrading.Receiver.Contracts.csproj", "{754E4DB2-4592-4B42-B7AC-CB7293823558}"
EndProject
Project("{9A19103F-16F7-4668-BE54-9A1E7A4F7556}") = "StockTrading.Receiver", "StockTrading.Receiver\StockTrading.Receiver.csproj", "{EBEF45AF-43EC-40E0-8B2B-390404F7B279}"
EndProject
Project("{9A19103F-16F7-4668-BE54-9A1E7A4F7556}") = "StockTrading.Sender", "StockTrading\StockTrading.Sender.csproj", "{F339F18E-0EB3-4389-B8EB-5DF458B9A2FE}"
EndProject
Project("{9A19103F-16F7-4668-BE54-9A1E7A4F7556}") = "StockTrading.Sender.Contracts", "StockTrading.Sender.Contracts\StockTrading.Sender.Contracts.csproj", "{8BDE6D02-06F8-4AB5-A6B8-2601E60EFE66}"
EndProject
Project("{9A19103F-16F7-4668-BE54-9A1E7A4F7556}") = "react", "react\react.csproj", "{73552736-9014-44A2-ACAC-33B971E742EB}"
EndProject
Project("{9A19103F-16F7-4668-BE54-9A1E7A4F7556}") = "WebTestingLibrary", "WebTestingLibrary\WebTestingLibrary.csproj", "{DA0F0DFF-A79E-4726-82EB-ECBF343D7EA7}"
EndProject
Project("{2150E333-8FDC-42A3-9474-1A3956D46DE8}") = "Tests", "Tests", "{44478E3C-033F-4A64-B47E-E7084173E023}"
EndProject
Project("{9A19103F-16F7-4668-BE54-9A1E7A4F7556}") = "StockTrading.Receiver.Tests", "StockTrading.Receiver.Tests\StockTrading.Receiver.Tests.csproj", "{446E9C0D-94C7-4F08-AA64-3AC3442277C8}"
EndProject
Project("{9A19103F-16F7-4668-BE54-9A1E7A4F7556}") = "StockTrading.Sender.Tests", "StockTrading.Sender.Tests\StockTrading.Sender.Tests.csproj", "{91741159-DE99-44CB-9665-F072C3D7D2F1}"
EndProject
Project("{9A19103F-16F7-4668-BE54-9A1E7A4F7556}") = "SenderAPI", "SenderAPI\SenderAPI.csproj", "{0AC089DE-0A96-4BFA-8B68-0A9C2EBFF765}"
EndProject
Project("{2150E333-8FDC-42A3-9474-1A3956D46DE8}") = "Sender", "Sender", "{F6B093A0-FF8A-4478-A6D1-A1DE0E7A1457}"
EndProject
Project("{2150E333-8FDC-42A3-9474-1A3956D46DE8}") = "Receiver", "Receiver", "{157F10BC-CAF3-42C6-B80E-6E07008E1948}"
EndProject
Project("{FAE04EC0-301F-11D3-BF4B-00C04F79EFBC}") = "ReceiverAPI", "ReceiverAPI\ReceiverAPI.csproj", "{9078FE48-186C-48C0-B357-B517F66D6C5E}"
EndProject
Global
	GlobalSection(SolutionConfigurationPlatforms) = preSolution
		Debug|Any CPU = Debug|Any CPU
		Release|Any CPU = Release|Any CPU
	EndGlobalSection
	GlobalSection(ProjectConfigurationPlatforms) = postSolution
		{A734C944-62F5-4370-AF1A-73ED9AC0B936}.Debug|Any CPU.ActiveCfg = Debug|Any CPU
		{A734C944-62F5-4370-AF1A-73ED9AC0B936}.Debug|Any CPU.Build.0 = Debug|Any CPU
		{A734C944-62F5-4370-AF1A-73ED9AC0B936}.Release|Any CPU.ActiveCfg = Release|Any CPU
		{A734C944-62F5-4370-AF1A-73ED9AC0B936}.Release|Any CPU.Build.0 = Release|Any CPU
		{93FECED8-6C70-465E-8890-84A114EC956D}.Debug|Any CPU.ActiveCfg = Debug|Any CPU
		{93FECED8-6C70-465E-8890-84A114EC956D}.Debug|Any CPU.Build.0 = Debug|Any CPU
		{93FECED8-6C70-465E-8890-84A114EC956D}.Release|Any CPU.ActiveCfg = Release|Any CPU
		{93FECED8-6C70-465E-8890-84A114EC956D}.Release|Any CPU.Build.0 = Release|Any CPU
		{02CF5F26-6C37-49BC-9895-E2FB0FB28E4D}.Debug|Any CPU.ActiveCfg = Debug|Any CPU
		{02CF5F26-6C37-49BC-9895-E2FB0FB28E4D}.Debug|Any CPU.Build.0 = Debug|Any CPU
		{02CF5F26-6C37-49BC-9895-E2FB0FB28E4D}.Release|Any CPU.ActiveCfg = Release|Any CPU
		{02CF5F26-6C37-49BC-9895-E2FB0FB28E4D}.Release|Any CPU.Build.0 = Release|Any CPU
		{754E4DB2-4592-4B42-B7AC-CB7293823558}.Debug|Any CPU.ActiveCfg = Debug|Any CPU
		{754E4DB2-4592-4B42-B7AC-CB7293823558}.Debug|Any CPU.Build.0 = Debug|Any CPU
		{754E4DB2-4592-4B42-B7AC-CB7293823558}.Release|Any CPU.ActiveCfg = Release|Any CPU
		{754E4DB2-4592-4B42-B7AC-CB7293823558}.Release|Any CPU.Build.0 = Release|Any CPU
		{EBEF45AF-43EC-40E0-8B2B-390404F7B279}.Debug|Any CPU.ActiveCfg = Debug|Any CPU
		{EBEF45AF-43EC-40E0-8B2B-390404F7B279}.Debug|Any CPU.Build.0 = Debug|Any CPU
		{EBEF45AF-43EC-40E0-8B2B-390404F7B279}.Release|Any CPU.ActiveCfg = Release|Any CPU
		{EBEF45AF-43EC-40E0-8B2B-390404F7B279}.Release|Any CPU.Build.0 = Release|Any CPU
		{F339F18E-0EB3-4389-B8EB-5DF458B9A2FE}.Debug|Any CPU.ActiveCfg = Debug|Any CPU
		{F339F18E-0EB3-4389-B8EB-5DF458B9A2FE}.Debug|Any CPU.Build.0 = Debug|Any CPU
		{F339F18E-0EB3-4389-B8EB-5DF458B9A2FE}.Release|Any CPU.ActiveCfg = Release|Any CPU
		{F339F18E-0EB3-4389-B8EB-5DF458B9A2FE}.Release|Any CPU.Build.0 = Release|Any CPU
		{8BDE6D02-06F8-4AB5-A6B8-2601E60EFE66}.Debug|Any CPU.ActiveCfg = Debug|Any CPU
		{8BDE6D02-06F8-4AB5-A6B8-2601E60EFE66}.Debug|Any CPU.Build.0 = Debug|Any CPU
		{8BDE6D02-06F8-4AB5-A6B8-2601E60EFE66}.Release|Any CPU.ActiveCfg = Release|Any CPU
		{8BDE6D02-06F8-4AB5-A6B8-2601E60EFE66}.Release|Any CPU.Build.0 = Release|Any CPU
		{73552736-9014-44A2-ACAC-33B971E742EB}.Debug|Any CPU.ActiveCfg = Debug|Any CPU
		{73552736-9014-44A2-ACAC-33B971E742EB}.Debug|Any CPU.Build.0 = Debug|Any CPU
		{73552736-9014-44A2-ACAC-33B971E742EB}.Release|Any CPU.ActiveCfg = Release|Any CPU
		{73552736-9014-44A2-ACAC-33B971E742EB}.Release|Any CPU.Build.0 = Release|Any CPU
		{DA0F0DFF-A79E-4726-82EB-ECBF343D7EA7}.Debug|Any CPU.ActiveCfg = Debug|Any CPU
		{DA0F0DFF-A79E-4726-82EB-ECBF343D7EA7}.Debug|Any CPU.Build.0 = Debug|Any CPU
		{DA0F0DFF-A79E-4726-82EB-ECBF343D7EA7}.Release|Any CPU.ActiveCfg = Release|Any CPU
		{DA0F0DFF-A79E-4726-82EB-ECBF343D7EA7}.Release|Any CPU.Build.0 = Release|Any CPU
		{446E9C0D-94C7-4F08-AA64-3AC3442277C8}.Debug|Any CPU.ActiveCfg = Debug|Any CPU
		{446E9C0D-94C7-4F08-AA64-3AC3442277C8}.Debug|Any CPU.Build.0 = Debug|Any CPU
		{446E9C0D-94C7-4F08-AA64-3AC3442277C8}.Release|Any CPU.ActiveCfg = Release|Any CPU
		{446E9C0D-94C7-4F08-AA64-3AC3442277C8}.Release|Any CPU.Build.0 = Release|Any CPU
		{91741159-DE99-44CB-9665-F072C3D7D2F1}.Debug|Any CPU.ActiveCfg = Debug|Any CPU
		{91741159-DE99-44CB-9665-F072C3D7D2F1}.Debug|Any CPU.Build.0 = Debug|Any CPU
		{91741159-DE99-44CB-9665-F072C3D7D2F1}.Release|Any CPU.ActiveCfg = Release|Any CPU
		{91741159-DE99-44CB-9665-F072C3D7D2F1}.Release|Any CPU.Build.0 = Release|Any CPU
		{0AC089DE-0A96-4BFA-8B68-0A9C2EBFF765}.Debug|Any CPU.ActiveCfg = Debug|Any CPU
		{0AC089DE-0A96-4BFA-8B68-0A9C2EBFF765}.Debug|Any CPU.Build.0 = Debug|Any CPU
		{0AC089DE-0A96-4BFA-8B68-0A9C2EBFF765}.Release|Any CPU.ActiveCfg = Release|Any CPU
		{0AC089DE-0A96-4BFA-8B68-0A9C2EBFF765}.Release|Any CPU.Build.0 = Release|Any CPU
		{9078FE48-186C-48C0-B357-B517F66D6C5E}.Debug|Any CPU.ActiveCfg = Debug|Any CPU
		{9078FE48-186C-48C0-B357-B517F66D6C5E}.Debug|Any CPU.Build.0 = Debug|Any CPU
		{9078FE48-186C-48C0-B357-B517F66D6C5E}.Release|Any CPU.ActiveCfg = Release|Any CPU
		{9078FE48-186C-48C0-B357-B517F66D6C5E}.Release|Any CPU.Build.0 = Release|Any CPU
	EndGlobalSection
	GlobalSection(SolutionProperties) = preSolution
		HideSolutionNode = FALSE
	EndGlobalSection
	GlobalSection(NestedProjects) = preSolution
		{93FECED8-6C70-465E-8890-84A114EC956D} = {F6B093A0-FF8A-4478-A6D1-A1DE0E7A1457}
		{02CF5F26-6C37-49BC-9895-E2FB0FB28E4D} = {157F10BC-CAF3-42C6-B80E-6E07008E1948}
		{754E4DB2-4592-4B42-B7AC-CB7293823558} = {157F10BC-CAF3-42C6-B80E-6E07008E1948}
		{EBEF45AF-43EC-40E0-8B2B-390404F7B279} = {157F10BC-CAF3-42C6-B80E-6E07008E1948}
		{F339F18E-0EB3-4389-B8EB-5DF458B9A2FE} = {F6B093A0-FF8A-4478-A6D1-A1DE0E7A1457}
		{8BDE6D02-06F8-4AB5-A6B8-2601E60EFE66} = {F6B093A0-FF8A-4478-A6D1-A1DE0E7A1457}
		{73552736-9014-44A2-ACAC-33B971E742EB} = {F6B093A0-FF8A-4478-A6D1-A1DE0E7A1457}
		{DA0F0DFF-A79E-4726-82EB-ECBF343D7EA7} = {44478E3C-033F-4A64-B47E-E7084173E023}
		{446E9C0D-94C7-4F08-AA64-3AC3442277C8} = {44478E3C-033F-4A64-B47E-E7084173E023}
		{91741159-DE99-44CB-9665-F072C3D7D2F1} = {44478E3C-033F-4A64-B47E-E7084173E023}
		{0AC089DE-0A96-4BFA-8B68-0A9C2EBFF765} = {44478E3C-033F-4A64-B47E-E7084173E023}
		{9078FE48-186C-48C0-B357-B517F66D6C5E} = {44478E3C-033F-4A64-B47E-E7084173E023}
	EndGlobalSection
	GlobalSection(ExtensibilityGlobals) = postSolution
		SolutionGuid = {955F7FFC-C122-4AE1-B999-3E32CFFE36D6}
	EndGlobalSection
EndGlobal
